{
  "requires": true,
  "lockfileVersion": 1,
  "dependencies": {
    "angular-bootstrap-md": {
      "version": "6.2.1",
      "resolved": "https://registry.npmjs.org/angular-bootstrap-md/-/angular-bootstrap-md-6.2.1.tgz",
      "integrity": "sha512-Z1G2Gbry5gn107dFPLPsWgEhJ6thbYOPMBuaNOgjKUl9WFcJEklYSrughjIKNtYl+GSnL4vZJLSZJ7X9mEL9fg=="
    }
  }
}
